
Microsoft Visual Studio Solution File, Format Version 12.00
# Visual Studio Version 16
VisualStudioVersion = 16.0.32126.315
MinimumVisualStudioVersion = 10.0.40219.1
Project("{9A19103F-16F7-4668-BE54-9A1E7A4F7556}") = "ToDoList", "ToDoList.csproj", "{702D0F46-2E5D-42FB-8B0D-B84E4C026B84}"
EndProject
Project("{FAE04EC0-301F-11D3-BF4B-00C04F79EFBC}") = "Test", "..\Test\Test.csproj", "{398C9223-59FA-454A-A280-AF61ED204AD9}"
EndProject
Global
	GlobalSection(SolutionConfigurationPlatforms) = preSolution
		Debug|Any CPU = Debug|Any CPU
		Release|Any CPU = Release|Any CPU
	EndGlobalSection
	GlobalSection(ProjectConfigurationPlatforms) = postSolution
		{702D0F46-2E5D-42FB-8B0D-B84E4C026B84}.Debug|Any CPU.ActiveCfg = Debug|Any CPU
		{702D0F46-2E5D-42FB-8B0D-B84E4C026B84}.Debug|Any CPU.Build.0 = Debug|Any CPU
		{702D0F46-2E5D-42FB-8B0D-B84E4C026B84}.Release|Any CPU.ActiveCfg = Release|Any CPU
		{702D0F46-2E5D-42FB-8B0D-B84E4C026B84}.Release|Any CPU.Build.0 = Release|Any CPU
		{398C9223-59FA-454A-A280-AF61ED204AD9}.Debug|Any CPU.ActiveCfg = Debug|Any CPU
		{398C9223-59FA-454A-A280-AF61ED204AD9}.Debug|Any CPU.Build.0 = Debug|Any CPU
		{398C9223-59FA-454A-A280-AF61ED204AD9}.Release|Any CPU.ActiveCfg = Release|Any CPU
		{398C9223-59FA-454A-A280-AF61ED204AD9}.Release|Any CPU.Build.0 = Release|Any CPU
	EndGlobalSection
	GlobalSection(SolutionProperties) = preSolution
		HideSolutionNode = FALSE
	EndGlobalSection
	GlobalSection(ExtensibilityGlobals) = postSolution
		SolutionGuid = {10F2AC5E-1465-437A-BE55-6F6BFD4C0F54}
	EndGlobalSection
EndGlobal
